
Microsoft Visual Studio Solution File, Format Version 12.00
# Visual Studio 15
Project("{FAE04EC0-301F-11D3-BF4B-00C04F79EFBC}") = "DependencyInjectionExample", "DependencyInjectionExample\DependencyInjectionExample.csproj", "{C4318781-A034-4459-A30A-1E6990910AB6}"
EndProject
Global
	GlobalSection(SolutionConfigurationPlatforms) = preSolution
		Debug|Any CPU = Debug|Any CPU
		Release|Any CPU = Release|Any CPU
	EndGlobalSection
	GlobalSection(ProjectConfigurationPlatforms) = postSolution
		{C4318781-A034-4459-A30A-1E6990910AB6}.Debug|Any CPU.ActiveCfg = Debug|Any CPU
		{C4318781-A034-4459-A30A-1E6990910AB6}.Debug|Any CPU.Build.0 = Debug|Any CPU
		{C4318781-A034-4459-A30A-1E6990910AB6}.Release|Any CPU.ActiveCfg = Release|Any CPU
		{C4318781-A034-4459-A30A-1E6990910AB6}.Release|Any CPU.Build.0 = Release|Any CPU
	EndGlobalSection
EndGlobal
